
Microsoft Visual Studio Solution File, Format Version 12.00
# Visual Studio Version 17
VisualStudioVersion = 17.0.32112.339
MinimumVisualStudioVersion = 10.0.40219.1
Project("{FAE04EC0-301F-11D3-BF4B-00C04F79EFBC}") = "TestApp", "TestApp\TestApp.csproj", "{F2066A23-C3DF-44C9-9B29-6E5BF17B6EFF}"
EndProject
Project("{2150E333-8FDC-42A3-9474-1A3956D46DE8}") = "Test", "Test", "{BE8BEF64-0046-47DE-A1DF-DFF071BDED2E}"
EndProject
Project("{FAE04EC0-301F-11D3-BF4B-00C04F79EFBC}") = "ConsoleApp", "ConsoleApp\ConsoleApp.csproj", "{8BE1D1DB-A225-4399-8418-DCA96D06EAD3}"
EndProject
Project("{FAE04EC0-301F-11D3-BF4B-00C04F79EFBC}") = "WpfApp", "WpfApp\WpfApp.csproj", "{36D3E6B8-B9E1-4EA3-BA29-A931A0706620}"
EndProject
Global
	GlobalSection(SolutionConfigurationPlatforms) = preSolution
		Debug|Any CPU = Debug|Any CPU
		Release|Any CPU = Release|Any CPU
	EndGlobalSection
	GlobalSection(ProjectConfigurationPlatforms) = postSolution
		{F2066A23-C3DF-44C9-9B29-6E5BF17B6EFF}.Debug|Any CPU.ActiveCfg = Debug|Any CPU
		{F2066A23-C3DF-44C9-9B29-6E5BF17B6EFF}.Debug|Any CPU.Build.0 = Debug|Any CPU
		{F2066A23-C3DF-44C9-9B29-6E5BF17B6EFF}.Release|Any CPU.ActiveCfg = Release|Any CPU
		{F2066A23-C3DF-44C9-9B29-6E5BF17B6EFF}.Release|Any CPU.Build.0 = Release|Any CPU
		{8BE1D1DB-A225-4399-8418-DCA96D06EAD3}.Debug|Any CPU.ActiveCfg = Debug|Any CPU
		{8BE1D1DB-A225-4399-8418-DCA96D06EAD3}.Debug|Any CPU.Build.0 = Debug|Any CPU
		{8BE1D1DB-A225-4399-8418-DCA96D06EAD3}.Release|Any CPU.ActiveCfg = Release|Any CPU
		{8BE1D1DB-A225-4399-8418-DCA96D06EAD3}.Release|Any CPU.Build.0 = Release|Any CPU
		{36D3E6B8-B9E1-4EA3-BA29-A931A0706620}.Debug|Any CPU.ActiveCfg = Debug|Any CPU
		{36D3E6B8-B9E1-4EA3-BA29-A931A0706620}.Debug|Any CPU.Build.0 = Debug|Any CPU
		{36D3E6B8-B9E1-4EA3-BA29-A931A0706620}.Release|Any CPU.ActiveCfg = Release|Any CPU
		{36D3E6B8-B9E1-4EA3-BA29-A931A0706620}.Release|Any CPU.Build.0 = Release|Any CPU
	EndGlobalSection
	GlobalSection(SolutionProperties) = preSolution
		HideSolutionNode = FALSE
	EndGlobalSection
	GlobalSection(NestedProjects) = preSolution
		{8BE1D1DB-A225-4399-8418-DCA96D06EAD3} = {BE8BEF64-0046-47DE-A1DF-DFF071BDED2E}
		{36D3E6B8-B9E1-4EA3-BA29-A931A0706620} = {BE8BEF64-0046-47DE-A1DF-DFF071BDED2E}
	EndGlobalSection
	GlobalSection(ExtensibilityGlobals) = postSolution
		SolutionGuid = {4148C044-31E2-4450-98D0-29A75BC4F96A}
	EndGlobalSection
EndGlobal
